// !$*UTF8*$!
{
	archiveVersion = 1;
	classes = {
	};
	objectVersion = 55;
	objects = {

/* Begin PBXBuildFile section */
		134D65152962C90B00F8314E /* AppDelegate.swift in Sources */ = {isa = PBXBuildFile; fileRef = 134D65142962C90B00F8314E /* AppDelegate.swift */; };
		134D65172962C90B00F8314E /* SceneDelegate.swift in Sources */ = {isa = PBXBuildFile; fileRef = 134D65162962C90B00F8314E /* SceneDelegate.swift */; };
		134D65192962C90B00F8314E /* ViewController.swift in Sources */ = {isa = PBXBuildFile; fileRef = 134D65182962C90B00F8314E /* ViewController.swift */; };
		134D651C2962C90B00F8314E /* Main.storyboard in Resources */ = {isa = PBXBuildFile; fileRef = 134D651A2962C90B00F8314E /* Main.storyboard */; };
		134D651E2962C90C00F8314E /* Assets.xcassets in Resources */ = {isa = PBXBuildFile; fileRef = 134D651D2962C90C00F8314E /* Assets.xcassets */; };
		134D65212962C90C00F8314E /* LaunchScreen.storyboard in Resources */ = {isa = PBXBuildFile; fileRef = 134D651F2962C90C00F8314E /* LaunchScreen.storyboard */; };
		59C5E063F8538ADD8739E638 /* Pods_ExSwiftGen.framework in Frameworks */ = {isa = PBXBuildFile; fileRef = 15950DDEFAD638B4B8545823 /* Pods_ExSwiftGen.framework */; };
/* End PBXBuildFile section */

/* Begin PBXFileReference section */
		134D65112962C90B00F8314E /* ExSwiftGen.app */ = {isa = PBXFileReference; explicitFileType = wrapper.application; includeInIndex = 0; path = ExSwiftGen.app; sourceTree = BUILT_PRODUCTS_DIR; };
		134D65142962C90B00F8314E /* AppDelegate.swift */ = {isa = PBXFileReference; lastKnownFileType = sourcecode.swift; path = AppDelegate.swift; sourceTree = "<group>"; };
		134D65162962C90B00F8314E /* SceneDelegate.swift */ = {isa = PBXFileReference; lastKnownFileType = sourcecode.swift; path = SceneDelegate.swift; sourceTree = "<group>"; };
		134D65182962C90B00F8314E /* ViewController.swift */ = {isa = PBXFileReference; lastKnownFileType = sourcecode.swift; path = ViewController.swift; sourceTree = "<group>"; };
		134D651B2962C90B00F8314E /* Base */ = {isa = PBXFileReference; lastKnownFileType = file.storyboard; name = Base; path = Base.lproj/Main.storyboard; sourceTree = "<group>"; };
		134D651D2962C90C00F8314E /* Assets.xcassets */ = {isa = PBXFileReference; lastKnownFileType = folder.assetcatalog; path = Assets.xcassets; sourceTree = "<group>"; };
		134D65202962C90C00F8314E /* Base */ = {isa = PBXFileReference; lastKnownFileType = file.storyboard; name = Base; path = Base.lproj/LaunchScreen.storyboard; sourceTree = "<group>"; };
		134D65222962C90C00F8314E /* Info.plist */ = {isa = PBXFileReference; lastKnownFileType = text.plist.xml; path = Info.plist; sourceTree = "<group>"; };
		15950DDEFAD638B4B8545823 /* Pods_ExSwiftGen.framework */ = {isa = PBXFileReference; explicitFileType = wrapper.framework; includeInIndex = 0; path = Pods_ExSwiftGen.framework; sourceTree = BUILT_PRODUCTS_DIR; };
		536F3C547D3130A04FDCCB0D /* Pods-ExSwiftGen.release.xcconfig */ = {isa = PBXFileReference; includeInIndex = 1; lastKnownFileType = text.xcconfig; name = "Pods-ExSwiftGen.release.xcconfig"; path = "Target Support Files/Pods-ExSwiftGen/Pods-ExSwiftGen.release.xcconfig"; sourceTree = "<group>"; };
		69ECC4EF57AB797D4D742022 /* Pods-ExSwiftGen.debug.xcconfig */ = {isa = PBXFileReference; includeInIndex = 1; lastKnownFileType = text.xcconfig; name = "Pods-ExSwiftGen.debug.xcconfig"; path = "Target Support Files/Pods-ExSwiftGen/Pods-ExSwiftGen.debug.xcconfig"; sourceTree = "<group>"; };
/* End PBXFileReference section */

/* Begin PBXFrameworksBuildPhase section */
		134D650E2962C90B00F8314E /* Frameworks */ = {
			isa = PBXFrameworksBuildPhase;
			buildActionMask = 2147483647;
			files = (
				59C5E063F8538ADD8739E638 /* Pods_ExSwiftGen.framework in Frameworks */,
			);
			runOnlyForDeploymentPostprocessing = 0;
		};
/* End PBXFrameworksBuildPhase section */

/* Begin PBXGroup section */
		134D65082962C90B00F8314E = {
			isa = PBXGroup;
			children = (
				134D65132962C90B00F8314E /* ExSwiftGen */,
				134D65122962C90B00F8314E /* Products */,
				ABB8FA97D76910789F335B8F /* Pods */,
				A9D729993AE772BBF9AE9629 /* Frameworks */,
			);
			sourceTree = "<group>";
		};
		134D65122962C90B00F8314E /* Products */ = {
			isa = PBXGroup;
			children = (
				134D65112962C90B00F8314E /* ExSwiftGen.app */,
			);
			name = Products;
			sourceTree = "<group>";
		};
		134D65132962C90B00F8314E /* ExSwiftGen */ = {
			isa = PBXGroup;
			children = (
				134D65142962C90B00F8314E /* AppDelegate.swift */,
				134D65162962C90B00F8314E /* SceneDelegate.swift */,
				134D65182962C90B00F8314E /* ViewController.swift */,
				134D651A2962C90B00F8314E /* Main.storyboard */,
				134D651D2962C90C00F8314E /* Assets.xcassets */,
				134D651F2962C90C00F8314E /* LaunchScreen.storyboard */,
				134D65222962C90C00F8314E /* Info.plist */,
			);
			path = ExSwiftGen;
			sourceTree = "<group>";
		};
		A9D729993AE772BBF9AE9629 /* Frameworks */ = {
			isa = PBXGroup;
			children = (
				15950DDEFAD638B4B8545823 /* Pods_ExSwiftGen.framework */,
			);
			name = Frameworks;
			sourceTree = "<group>";
		};
		ABB8FA97D76910789F335B8F /* Pods */ = {
			isa = PBXGroup;
			children = (
				69ECC4EF57AB797D4D742022 /* Pods-ExSwiftGen.debug.xcconfig */,
				536F3C547D3130A04FDCCB0D /* Pods-ExSwiftGen.release.xcconfig */,
			);
			name = Pods;
			path = Pods;
			sourceTree = "<group>";
		};
/* End PBXGroup section */

/* Begin PBXNativeTarget section */
		134D65102962C90B00F8314E /* ExSwiftGen */ = {
			isa = PBXNativeTarget;
			buildConfigurationList = 134D65252962C90C00F8314E /* Build configuration list for PBXNativeTarget "ExSwiftGen" */;
			buildPhases = (
				9C78C5EECC7C211CFB58A33B /* [CP] Check Pods Manifest.lock */,
				134D650D2962C90B00F8314E /* Sources */,
				134D650E2962C90B00F8314E /* Frameworks */,
				134D650F2962C90B00F8314E /* Resources */,
			);
			buildRules = (
			);
			dependencies = (
			);
			name = ExSwiftGen;
			productName = ExSwiftGen;
			productReference = 134D65112962C90B00F8314E /* ExSwiftGen.app */;
			productType = "com.apple.product-type.application";
		};
/* End PBXNativeTarget section */

/* Begin PBXProject section */
		134D65092962C90B00F8314E /* Project object */ = {
			isa = PBXProject;
			attributes = {
				BuildIndependentTargetsInParallel = 1;
				LastSwiftUpdateCheck = 1410;
				LastUpgradeCheck = 1410;
				TargetAttributes = {
					134D65102962C90B00F8314E = {
						CreatedOnToolsVersion = 14.1;
					};
				};
			};
			buildConfigurationList = 134D650C2962C90B00F8314E /* Build configuration list for PBXProject "ExSwiftGen" */;
			compatibilityVersion = "Xcode 13.0";
			developmentRegion = en;
			hasScannedForEncodings = 0;
			knownRegions = (
				en,
				Base,
			);
			mainGroup = 134D65082962C90B00F8314E;
			productRefGroup = 134D65122962C90B00F8314E /* Products */;
			projectDirPath = "";
			projectRoot = "";
			targets = (
				134D65102962C90B00F8314E /* ExSwiftGen */,
			);
		};
/* End PBXProject section */

/* Begin PBXResourcesBuildPhase section */
		134D650F2962C90B00F8314E /* Resources */ = {
			isa = PBXResourcesBuildPhase;
			buildActionMask = 2147483647;
			files = (
				134D65212962C90C00F8314E /* LaunchScreen.storyboard in Resources */,
				134D651E2962C90C00F8314E /* Assets.xcassets in Resources */,
				134D651C2962C90B00F8314E /* Main.storyboard in Resources */,
			);
			runOnlyForDeploymentPostprocessing = 0;
		};
/* End PBXResourcesBuildPhase section */

/* Begin PBXShellScriptBuildPhase section */
		9C78C5EECC7C211CFB58A33B /* [CP] Check Pods Manifest.lock */ = {
			isa = PBXShellScriptBuildPhase;
			buildActionMask = 2147483647;
			files = (
			);
			inputFileListPaths = (
			);
			inputPaths = (
				"${PODS_PODFILE_DIR_PATH}/Podfile.lock",
				"${PODS_ROOT}/Manifest.lock",
			);
			name = "[CP] Check Pods Manifest.lock";
			outputFileListPaths = (
			);
			outputPaths = (
				"$(DERIVED_FILE_DIR)/Pods-ExSwiftGen-checkManifestLockResult.txt",
			);
			runOnlyForDeploymentPostprocessing = 0;
			shellPath = /bin/sh;
			shellScript = "diff \"${PODS_PODFILE_DIR_PATH}/Podfile.lock\" \"${PODS_ROOT}/Manifest.lock\" > /dev/null\nif [ $? != 0 ] ; then\n    # print error to STDERR\n    echo \"error: The sandbox is not in sync with the Podfile.lock. Run 'pod install' or update your CocoaPods installation.\" >&2\n    exit 1\nfi\n# This output is used by Xcode 'outputs' to avoid re-running this script phase.\necho \"SUCCESS\" > \"${SCRIPT_OUTPUT_FILE_0}\"\n";
			showEnvVarsInLog = 0;
		};
/* End PBXShellScriptBuildPhase section */

/* Begin PBXSourcesBuildPhase section */
		134D650D2962C90B00F8314E /* Sources */ = {
			isa = PBXSourcesBuildPhase;
			buildActionMask = 2147483647;
			files = (
				134D65192962C90B00F8314E /* ViewController.swift in Sources */,
				134D65152962C90B00F8314E /* AppDelegate.swift in Sources */,
				134D65172962C90B00F8314E /* SceneDelegate.swift in Sources */,
			);
			runOnlyForDeploymentPostprocessing = 0;
		};
/* End PBXSourcesBuildPhase section */

/* Begin PBXVariantGroup section */
		134D651A2962C90B00F8314E /* Main.storyboard */ = {
			isa = PBXVariantGroup;
			children = (
				134D651B2962C90B00F8314E /* Base */,
			);
			name = Main.storyboard;
			sourceTree = "<group>";
		};
		134D651F2962C90C00F8314E /* LaunchScreen.storyboard */ = {
			isa = PBXVariantGroup;
			children = (
				134D65202962C90C00F8314E /* Base */,
			);
			name = LaunchScreen.storyboard;
			sourceTree = "<group>";
		};
/* End PBXVariantGroup section */

/* Begin XCBuildConfiguration section */
		134D65232962C90C00F8314E /* Debug */ = {
			isa = XCBuildConfiguration;
			buildSettings = {
				ALWAYS_SEARCH_USER_PATHS = NO;
				CLANG_ANALYZER_NONNULL = YES;
				CLANG_ANALYZER_NUMBER_OBJECT_CONVERSION = YES_AGGRESSIVE;
				CLANG_CXX_LANGUAGE_STANDARD = "gnu++20";
				CLANG_ENABLE_MODULES = YES;
				CLANG_ENABLE_OBJC_ARC = YES;
				CLANG_ENABLE_OBJC_WEAK = YES;
				CLANG_WARN_BLOCK_CAPTURE_AUTORELEASING = YES;
				CLANG_WARN_BOOL_CONVERSION = YES;
				CLANG_WARN_COMMA = YES;
				CLANG_WARN_CONSTANT_CONVERSION = YES;
				CLANG_WARN_DEPRECATED_OBJC_IMPLEMENTATIONS = YES;
				CLANG_WARN_DIRECT_OBJC_ISA_USAGE = YES_ERROR;
				CLANG_WARN_DOCUMENTATION_COMMENTS = YES;
				CLANG_WARN_EMPTY_BODY = YES;
				CLANG_WARN_ENUM_CONVERSION = YES;
				CLANG_WARN_INFINITE_RECURSION = YES;
				CLANG_WARN_INT_CONVERSION = YES;
				CLANG_WARN_NON_LITERAL_NULL_CONVERSION = YES;
				CLANG_WARN_OBJC_IMPLICIT_RETAIN_SELF = YES;
				CLANG_WARN_OBJC_LITERAL_CONVERSION = YES;
				CLANG_WARN_OBJC_ROOT_CLASS = YES_ERROR;
				CLANG_WARN_QUOTED_INCLUDE_IN_FRAMEWORK_HEADER = YES;
				CLANG_WARN_RANGE_LOOP_ANALYSIS = YES;
				CLANG_WARN_STRICT_PROTOTYPES = YES;
				CLANG_WARN_SUSPICIOUS_MOVE = YES;
				CLANG_WARN_UNGUARDED_AVAILABILITY = YES_AGGRESSIVE;
				CLANG_WARN_UNREACHABLE_CODE = YES;
				CLANG_WARN__DUPLICATE_METHOD_MATCH = YES;
				COPY_PHASE_STRIP = NO;
				DEBUG_INFORMATION_FORMAT = dwarf;
				ENABLE_STRICT_OBJC_MSGSEND = YES;
				ENABLE_TESTABILITY = YES;
				GCC_C_LANGUAGE_STANDARD = gnu11;
				GCC_DYNAMIC_NO_PIC = NO;
				GCC_NO_COMMON_BLOCKS = YES;
				GCC_OPTIMIZATION_LEVEL = 0;
				GCC_PREPROCESSOR_DEFINITIONS = (
					"DEBUG=1",
					"$(inherited)",
				);
				GCC_WARN_64_TO_32_BIT_CONVERSION = YES;
				GCC_WARN_ABOUT_RETURN_TYPE = YES_ERROR;
				GCC_WARN_UNDECLARED_SELECTOR = YES;
				GCC_WARN_UNINITIALIZED_AUTOS = YES_AGGRESSIVE;
				GCC_WARN_UNUSED_FUNCTION = YES;
				GCC_WARN_UNUSED_VARIABLE = YES;
				IPHONEOS_DEPLOYMENT_TARGET = 16.1;
				MTL_ENABLE_DEBUG_INFO = INCLUDE_SOURCE;
				MTL_FAST_MATH = YES;
				ONLY_ACTIVE_ARCH = YES;
				SDKROOT = iphoneos;
				SWIFT_ACTIVE_COMPILATION_CONDITIONS = DEBUG;
				SWIFT_OPTIMIZATION_LEVEL = "-Onone";
			};
			name = Debug;
		};
		134D65242962C90C00F8314E /* Release */ = {
			isa = XCBuildConfiguration;
			buildSettings = {
				ALWAYS_SEARCH_USER_PATHS = NO;
				CLANG_ANALYZER_NONNULL = YES;
				CLANG_ANALYZER_NUMBER_OBJECT_CONVERSION = YES_AGGRESSIVE;
				CLANG_CXX_LANGUAGE_STANDARD = "gnu++20";
				CLANG_ENABLE_MODULES = YES;
				CLANG_ENABLE_OBJC_ARC = YES;
				CLANG_ENABLE_OBJC_WEAK = YES;
				CLANG_WARN_BLOCK_CAPTURE_AUTORELEASING = YES;
				CLANG_WARN_BOOL_CONVERSION = YES;
				CLANG_WARN_COMMA = YES;
				CLANG_WARN_CONSTANT_CONVERSION = YES;
				CLANG_WARN_DEPRECATED_OBJC_IMPLEMENTATIONS = YES;
				CLANG_WARN_DIRECT_OBJC_ISA_USAGE = YES_ERROR;
				CLANG_WARN_DOCUMENTATION_COMMENTS = YES;
				CLANG_WARN_EMPTY_BODY = YES;
				CLANG_WARN_ENUM_CONVERSION = YES;
				CLANG_WARN_INFINITE_RECURSION = YES;
				CLANG_WARN_INT_CONVERSION = YES;
				CLANG_WARN_NON_LITERAL_NULL_CONVERSION = YES;
				CLANG_WARN_OBJC_IMPLICIT_RETAIN_SELF = YES;
				CLANG_WARN_OBJC_LITERAL_CONVERSION = YES;
				CLANG_WARN_OBJC_ROOT_CLASS = YES_ERROR;
				CLANG_WARN_QUOTED_INCLUDE_IN_FRAMEWORK_HEADER = YES;
				CLANG_WARN_RANGE_LOOP_ANALYSIS = YES;
				CLANG_WARN_STRICT_PROTOTYPES = YES;
				CLANG_WARN_SUSPICIOUS_MOVE = YES;
				CLANG_WARN_UNGUARDED_AVAILABILITY = YES_AGGRESSIVE;
				CLANG_WARN_UNREACHABLE_CODE = YES;
				CLANG_WARN__DUPLICATE_METHOD_MATCH = YES;
				COPY_PHASE_STRIP = NO;
				DEBUG_INFORMATION_FORMAT = "dwarf-with-dsym";
				ENABLE_NS_ASSERTIONS = NO;
				ENABLE_STRICT_OBJC_MSGSEND = YES;
				GCC_C_LANGUAGE_STANDARD = gnu11;
				GCC_NO_COMMON_BLOCKS = YES;
				GCC_WARN_64_TO_32_BIT_CONVERSION = YES;
				GCC_WARN_ABOUT_RETURN_TYPE = YES_ERROR;
				GCC_WARN_UNDECLARED_SELECTOR = YES;
				GCC_WARN_UNINITIALIZED_AUTOS = YES_AGGRESSIVE;
				GCC_WARN_UNUSED_FUNCTION = YES;
				GCC_WARN_UNUSED_VARIABLE = YES;
				IPHONEOS_DEPLOYMENT_TARGET = 16.1;
				MTL_ENABLE_DEBUG_INFO = NO;
				MTL_FAST_MATH = YES;
				SDKROOT = iphoneos;
				SWIFT_COMPILATION_MODE = wholemodule;
				SWIFT_OPTIMIZATION_LEVEL = "-O";
				VALIDATE_PRODUCT = YES;
			};
			name = Release;
		};
		134D65262962C90C00F8314E /* Debug */ = {
			isa = XCBuildConfiguration;
			baseConfigurationReference = 69ECC4EF57AB797D4D742022 /* Pods-ExSwiftGen.debug.xcconfig */;
			buildSettings = {
				ASSETCATALOG_COMPILER_APPICON_NAME = AppIcon;
				ASSETCATALOG_COMPILER_GLOBAL_ACCENT_COLOR_NAME = AccentColor;
				CODE_SIGN_STYLE = Automatic;
				CURRENT_PROJECT_VERSION = 1;
				DEVELOPMENT_TEAM = B2V8LG7269;
				GENERATE_INFOPLIST_FILE = YES;
				INFOPLIST_FILE = ExSwiftGen/Info.plist;
				INFOPLIST_KEY_UIApplicationSupportsIndirectInputEvents = YES;
				INFOPLIST_KEY_UILaunchStoryboardName = LaunchScreen;
				INFOPLIST_KEY_UIMainStoryboardFile = Main;
				INFOPLIST_KEY_UISupportedInterfaceOrientations_iPad = "UIInterfaceOrientationPortrait UIInterfaceOrientationPortraitUpsideDown UIInterfaceOrientationLandscapeLeft UIInterfaceOrientationLandscapeRight";
				INFOPLIST_KEY_UISupportedInterfaceOrientations_iPhone = "UIInterfaceOrientationPortrait UIInterfaceOrientationLandscapeLeft UIInterfaceOrientationLandscapeRight";
				LD_RUNPATH_SEARCH_PATHS = (
					"$(inherited)",
					"@executable_path/Frameworks",
				);
				MARKETING_VERSION = 1.0;
				PRODUCT_BUNDLE_IDENTIFIER = com.conner.swiftgen.ExSwiftGen;
				PRODUCT_NAME = "$(TARGET_NAME)";
				SWIFT_EMIT_LOC_STRINGS = YES;
				SWIFT_VERSION = 5.0;
				TARGETED_DEVICE_FAMILY = "1,2";
			};
			name = Debug;
		};
		134D65272962C90C00F8314E /* Release */ = {
			isa = XCBuildConfiguration;
			baseConfigurationReference = 536F3C547D3130A04FDCCB0D /* Pods-ExSwiftGen.release.xcconfig */;
			buildSettings = {
				ASSETCATALOG_COMPILER_APPICON_NAME = AppIcon;
				ASSETCATALOG_COMPILER_GLOBAL_ACCENT_COLOR_NAME = AccentColor;
				CODE_SIGN_STYLE = Automatic;
				CURRENT_PROJECT_VERSION = 1;
				DEVELOPMENT_TEAM = B2V8LG7269;
				GENERATE_INFOPLIST_FILE = YES;
				INFOPLIST_FILE = ExSwiftGen/Info.plist;
				INFOPLIST_KEY_UIApplicationSupportsIndirectInputEvents = YES;
				INFOPLIST_KEY_UILaunchStoryboardName = LaunchScreen;
				INFOPLIST_KEY_UIMainStoryboardFile = Main;
				INFOPLIST_KEY_UISupportedInterfaceOrientations_iPad = "UIInterfaceOrientationPortrait UIInterfaceOrientationPortraitUpsideDown UIInterfaceOrientationLandscapeLeft UIInterfaceOrientationLandscapeRight";
				INFOPLIST_KEY_UISupportedInterfaceOrientations_iPhone = "UIInterfaceOrientationPortrait UIInterfaceOrientationLandscapeLeft UIInterfaceOrientationLandscapeRight";
				LD_RUNPATH_SEARCH_PATHS = (
					"$(inherited)",
					"@executable_path/Frameworks",
				);
				MARKETING_VERSION = 1.0;
				PRODUCT_BUNDLE_IDENTIFIER = com.conner.swiftgen.ExSwiftGen;
				PRODUCT_NAME = "$(TARGET_NAME)";
				SWIFT_EMIT_LOC_STRINGS = YES;
				SWIFT_VERSION = 5.0;
				TARGETED_DEVICE_FAMILY = "1,2";
			};
			name = Release;
		};
/* End XCBuildConfiguration section */

/* Begin XCConfigurationList section */
		134D650C2962C90B00F8314E /* Build configuration list for PBXProject "ExSwiftGen" */ = {
			isa = XCConfigurationList;
			buildConfigurations = (
				134D65232962C90C00F8314E /* Debug */,
				134D65242962C90C00F8314E /* Release */,
			);
			defaultConfigurationIsVisible = 0;
			defaultConfigurationName = Release;
		};
		134D65252962C90C00F8314E /* Build configuration list for PBXNativeTarget "ExSwiftGen" */ = {
			isa = XCConfigurationList;
			buildConfigurations = (
				134D65262962C90C00F8314E /* Debug */,
				134D65272962C90C00F8314E /* Release */,
			);
			defaultConfigurationIsVisible = 0;
			defaultConfigurationName = Release;
		};
/* End XCConfigurationList section */
	};
	rootObject = 134D65092962C90B00F8314E /* Project object */;
}
